PODS:
  - NVActivityIndicatorView (5.0.1):
    - NVActivityIndicatorView/Base (= 5.0.1)
  - NVActivityIndicatorView/Base (5.0.1)
  - RxCocoa (5.1.1):
    - RxRelay (~> 5)
    - RxSwift (~> 5)
  - RxRelay (5.1.1):
    - RxSwift (~> 5)
  - RxSwift (5.1.1)

DEPENDENCIES:
  - NVActivityIndicatorView
  - RxCocoa
  - RxSwift

SPEC REPOS:
  trunk:
    - NVActivityIndicatorView
    - RxCocoa
    - RxRelay
    - RxSwift

SPEC CHECKSUMS:
  NVActivityIndicatorView: 738e843cb8924e9e4fc3e559d0728031624bf860
  RxCocoa: 32065309a38d29b5b0db858819b5bf9ef038b601
  RxRelay: d77f7d771495f43c556cbc43eebd1bb54d01e8e9
  RxSwift: 81470a2074fa8780320ea5fe4102807cb7118178

PODFILE CHECKSUM: 9ab1cd1881b1834eb2b391d7b040a1cff6a3347e

COCOAPODS: 1.10.0
